
Microsoft Visual Studio Solution File, Format Version 12.00
# Visual Studio Version 17
VisualStudioVersion = 17.5.33530.505
MinimumVisualStudioVersion = 10.0.40219.1
Project("{9A19103F-16F7-4668-BE54-9A1E7A4F7556}") = "TicTacToeServer", "TicTacToeServer\TicTacToeServer.csproj", "{51E0718D-4AD0-4F09-8954-36E6AABD487A}"
EndProject
Project("{9A19103F-16F7-4668-BE54-9A1E7A4F7556}") = "TicTacToeClient", "TicTacToeClient\TicTacToeClient.csproj", "{52895AC5-E4D6-483A-BE88-2A1795DFDA05}"
EndProject
Project("{FAE04EC0-301F-11D3-BF4B-00C04F79EFBC}") = "TicTacToeLibrary", "TicTacToeLibrary\TicTacToeLibrary.csproj", "{91B9B397-CCA5-4621-A323-96574E6474EA}"
EndProject
Global
	GlobalSection(SolutionConfigurationPlatforms) = preSolution
		Debug|Any CPU = Debug|Any CPU
		Release|Any CPU = Release|Any CPU
	EndGlobalSection
	GlobalSection(ProjectConfigurationPlatforms) = postSolution
		{51E0718D-4AD0-4F09-8954-36E6AABD487A}.Debug|Any CPU.ActiveCfg = Debug|Any CPU
		{51E0718D-4AD0-4F09-8954-36E6AABD487A}.Debug|Any CPU.Build.0 = Debug|Any CPU
		{51E0718D-4AD0-4F09-8954-36E6AABD487A}.Release|Any CPU.ActiveCfg = Release|Any CPU
		{51E0718D-4AD0-4F09-8954-36E6AABD487A}.Release|Any CPU.Build.0 = Release|Any CPU
		{52895AC5-E4D6-483A-BE88-2A1795DFDA05}.Debug|Any CPU.ActiveCfg = Debug|Any CPU
		{52895AC5-E4D6-483A-BE88-2A1795DFDA05}.Debug|Any CPU.Build.0 = Debug|Any CPU
		{52895AC5-E4D6-483A-BE88-2A1795DFDA05}.Release|Any CPU.ActiveCfg = Release|Any CPU
		{52895AC5-E4D6-483A-BE88-2A1795DFDA05}.Release|Any CPU.Build.0 = Release|Any CPU
		{91B9B397-CCA5-4621-A323-96574E6474EA}.Debug|Any CPU.ActiveCfg = Debug|Any CPU
		{91B9B397-CCA5-4621-A323-96574E6474EA}.Debug|Any CPU.Build.0 = Debug|Any CPU
		{91B9B397-CCA5-4621-A323-96574E6474EA}.Release|Any CPU.ActiveCfg = Release|Any CPU
		{91B9B397-CCA5-4621-A323-96574E6474EA}.Release|Any CPU.Build.0 = Release|Any CPU
	EndGlobalSection
	GlobalSection(SolutionProperties) = preSolution
		HideSolutionNode = FALSE
	EndGlobalSection
	GlobalSection(ExtensibilityGlobals) = postSolution
		SolutionGuid = {41550A97-19DA-475F-A002-05915C8E6734}
	EndGlobalSection
EndGlobal
